
Microsoft Visual Studio Solution File, Format Version 12.00
# Visual Studio Version 17
VisualStudioVersion = 17.5.33627.172
MinimumVisualStudioVersion = 10.0.40219.1
Project("{FAE04EC0-301F-11D3-BF4B-00C04F79EFBC}") = "TestTech", "TestTech\TestTech.csproj", "{98D5AC47-6053-4382-9268-34CD3D59C18A}"
EndProject
Global
	GlobalSection(SolutionConfigurationPlatforms) = preSolution
		Debug|Any CPU = Debug|Any CPU
		Release|Any CPU = Release|Any CPU
	EndGlobalSection
	GlobalSection(ProjectConfigurationPlatforms) = postSolution
		{98D5AC47-6053-4382-9268-34CD3D59C18A}.Debug|Any CPU.ActiveCfg = Debug|Any CPU
		{98D5AC47-6053-4382-9268-34CD3D59C18A}.Debug|Any CPU.Build.0 = Debug|Any CPU
		{98D5AC47-6053-4382-9268-34CD3D59C18A}.Release|Any CPU.ActiveCfg = Release|Any CPU
		{98D5AC47-6053-4382-9268-34CD3D59C18A}.Release|Any CPU.Build.0 = Release|Any CPU
	EndGlobalSection
	GlobalSection(SolutionProperties) = preSolution
		HideSolutionNode = FALSE
	EndGlobalSection
	GlobalSection(ExtensibilityGlobals) = postSolution
		SolutionGuid = {0F023D4E-E4CE-4063-A7D1-F117BB0540F1}
	EndGlobalSection
EndGlobal
